dependencies:
- name: ui
  repository: file://../Charts/ui
  version: 1.0.0
- name: post
  repository: file://../Charts/post
  version: 1.0.0
- name: comment
  repository: file://../Charts/comment
  version: 1.0.0
- name: mongodb
  repository: https://charts.helm.sh/stable
  version: 7.2.8
digest: sha256:9e083ceed6385255a70b0ece5267416b12e2bf229502c92777ac9f3fb07fce39
generated: "2023-03-20T19:32:05.828185806+03:00"
